{
  "name": "ds-plugin-database",
  "version": "1.0.0",
  "lockfileVersion": 2,
  "requires": true,
  "packages": {
    "": {
      "name": "ds-plugin-database",
      "version": "1.0.0",
      "devDependencies": {
        "@dooksa/ds-scripts": "file:../ds-scripts",
        "pocketbase": "^0.7.1"
      }
    },
    "../ds-plugin-action": {
      "name": "@dooksa/ds-plugin-action",
      "version": "1.0.0",
      "extraneous": true,
      "devDependencies": {
        "@dooksa/ds-plugin": "bitbucket:dooksa/ds-plugin:master",
        "@dooksa/ds-scripts": "bitbucket:dooksa/ds-scripts#master",
        "standard": "*"
      }
    },
    "../ds-scripts": {
      "name": "@dooksa/ds-scripts",
      "version": "1.0.0",
      "dev": true,
      "dependencies": {
        "@babel/cli": "^7.17.6",
        "@babel/core": "^7.17.5",
        "@babel/preset-env": "^7.16.11",
        "@dooksa/ds-app": "file:../ds-app",
        "@dooksa/ds-plugin": "bitbucket:dooksa/ds-plugin#v1.0.0",
        "@dooksa/ds-plugin-action": "file:../ds-plugin-action",
        "@dooksa/ds-plugin-component": "file:../ds-plugin-component",
        "@dooksa/ds-plugin-dev-tool": "file:../ds-plugin-dev-tool",
        "@dooksa/ds-plugin-manager": "file:../ds-plugin-manager",
        "@dooksa/ds-plugin-parse": "file:../ds-plugin-parse",
        "@dooksa/ds-plugin-template": "file:../ds-plugin-template",
        "babel-loader": "^8.2.3",
        "babel-plugin-istanbul": "^6.1.1",
        "browserslist": "^4.19.3",
        "cypress": "^9.5.1",
        "dotenv": "^16.0.0",
        "ds-plugin-database": "file:../ds-plugin-database",
        "express": "^4.17.3",
        "html-webpack-plugin": "^5.5.0",
        "node-html-parser": "^5.4.2-0",
        "object-hash": "^3.0.0",
        "standard": "*",
        "terser-webpack-plugin": "^5.3.1",
        "webpack": "^5.70.0",
        "webpack-cli": "^4.9.2",
        "webpack-dev-server": "^4.7.4"
      },
      "bin": {
        "ds-scripts": "bin/ds-scripts.js"
      },
      "peerDependencies": {
        "@cypress/code-coverage": "^3.9.12"
      }
    },
    "node_modules/@dooksa/ds-scripts": {
      "resolved": "../ds-scripts",
      "link": true
    },
    "node_modules/pocketbase": {
      "version": "0.7.1",
      "resolved": "https://registry.npmjs.org/pocketbase/-/pocketbase-0.7.1.tgz",
      "integrity": "sha512-uA/Ltci3OrZ/sYfOjB/SCQX87xnB0Gowci0eUNgK7Sb0gk68Yy79ynTKgcmrw6wdXXVrY/vOoNR/DU8oahCBAA==",
      "dev": true
    }
  },
  "dependencies": {
    "@dooksa/ds-scripts": {
      "version": "file:../ds-scripts",
      "requires": {
        "@babel/cli": "^7.17.6",
        "@babel/core": "^7.17.5",
        "@babel/preset-env": "^7.16.11",
        "@dooksa/ds-app": "file:../ds-app",
        "@dooksa/ds-plugin": "bitbucket:dooksa/ds-plugin#v1.0.0",
        "@dooksa/ds-plugin-action": "file:../ds-plugin-action",
        "@dooksa/ds-plugin-component": "file:../ds-plugin-component",
        "@dooksa/ds-plugin-dev-tool": "file:../ds-plugin-dev-tool",
        "@dooksa/ds-plugin-manager": "file:../ds-plugin-manager",
        "@dooksa/ds-plugin-parse": "file:../ds-plugin-parse",
        "@dooksa/ds-plugin-template": "file:../ds-plugin-template",
        "babel-loader": "^8.2.3",
        "babel-plugin-istanbul": "^6.1.1",
        "browserslist": "^4.19.3",
        "cypress": "^9.5.1",
        "dotenv": "^16.0.0",
        "ds-plugin-database": "file:../ds-plugin-database",
        "express": "^4.17.3",
        "html-webpack-plugin": "^5.5.0",
        "node-html-parser": "^5.4.2-0",
        "object-hash": "^3.0.0",
        "standard": "*",
        "terser-webpack-plugin": "^5.3.1",
        "webpack": "^5.70.0",
        "webpack-cli": "^4.9.2",
        "webpack-dev-server": "^4.7.4"
      }
    },
    "pocketbase": {
      "version": "0.7.1",
      "resolved": "https://registry.npmjs.org/pocketbase/-/pocketbase-0.7.1.tgz",
      "integrity": "sha512-uA/Ltci3OrZ/sYfOjB/SCQX87xnB0Gowci0eUNgK7Sb0gk68Yy79ynTKgcmrw6wdXXVrY/vOoNR/DU8oahCBAA==",
      "dev": true
    }
  }
}
