# THIS IS AN AUTOGENERATED FILE. DO NOT EDIT THIS FILE DIRECTLY.
# yarn lockfile v1


"@babel/standalone@^7.19.6":
  version "7.20.1"
  resolved "https://registry.yarnpkg.com/@babel/standalone/-/standalone-7.20.1.tgz#587bfa02ba59401362125ac14cddc790f15cbe07"
  integrity sha512-/gWSncVyOroPfSNASCOIsR08As7UWT7bOKlTkvmprc0Q3v4s6YFxpaYP/eyAZQWbVjSnewX8bZv2In9fwXqPHQ==

"@dooksa-extra/ds-plugin-devtool@bitbucket:dooksa/ds-plugin-devtool":
  version "1.0.0"
  resolved "git+ssh://git@bitbucket.org/dooksa/ds-plugin-devtool.git#fee3613f4f85dc0f52e789ec1fe04b1068e1c825"

"@dooksa-extra/ds-plugin-parse@bitbucket:dooksa/ds-plugin-parse":
  version "1.0.0"
  resolved "git+ssh://git@bitbucket.org/dooksa/ds-plugin-parse.git#4574a94bbf1d78d2350378787119c25c51e00afe"
  dependencies:
    nanoid "^3.3.4"
    object-hash "^3.0.0"

"@dooksa/ds-app@bitbucket:dooksa/ds-app":
  version "1.0.0"
  resolved "git+ssh://git@bitbucket.org/dooksa/ds-app.git#003a863898448c53cc279899825116cccdca8790"
  dependencies:
    "@dooksa/ds-plugin" "bitbucket:dooksa/ds-plugin"
    "@dooksa/ds-plugin-action" "bitbucket:dooksa/ds-plugin-action"
    "@dooksa/ds-plugin-component" "bitbucket:dooksa/ds-plugin-component"
    "@dooksa/ds-plugin-element" "bitbucket:dooksa/ds-plugin-element"
    "@dooksa/ds-plugin-event" "bitbucket:dooksa/ds-plugin-event"
    "@dooksa/ds-plugin-layout" "bitbucket:dooksa/ds-plugin-layout"
    "@dooksa/ds-plugin-manager" "bitbucket:dooksa/ds-plugin-manager"
    "@dooksa/ds-plugin-metadata" "bitbucket:dooksa/ds-plugin-metadata"
    "@dooksa/ds-plugin-operators" "bitbucket:dooksa/ds-plugin-operators"
    "@dooksa/ds-plugin-page" "bitbucket:dooksa/ds-plugin-page"
    "@dooksa/ds-plugin-parameters" "bitbucket:dooksa/ds-plugin-parameters"
    "@dooksa/ds-plugin-router" "bitbucket:dooksa/ds-plugin-router"
    "@dooksa/ds-plugin-template" "bitbucket:dooksa/ds-plugin-template"
    "@dooksa/ds-plugin-token" "bitbucket:dooksa/ds-plugin-tokens"
    "@dooksa/ds-plugin-utilities" "bitbucket:dooksa/ds-plugin-utilities"
    "@dooksa/ds-plugin-widget" "bitbucket:dooksa/ds-plugin-widget"
    bootstrap "^5.2.2"

"@dooksa/ds-plugin-action@bitbucket:dooksa/ds-plugin-action":
  version "1.0.0"
  resolved "git+ssh://git@bitbucket.org/dooksa/ds-plugin-action.git#4b2a5259a984c62c032f8a7d24bf07722c611edc"

"@dooksa/ds-plugin-component@bitbucket:dooksa/ds-plugin-component":
  version "1.0.0"
  resolved "git+ssh://git@bitbucket.org/dooksa/ds-plugin-component.git#59fd56bebbfcc1213093e225e861f7da4de028c4"

"@dooksa/ds-plugin-element@bitbucket:dooksa/ds-plugin-element":
  version "1.0.0"
  resolved "git+ssh://git@bitbucket.org/dooksa/ds-plugin-element.git#0e12e6b50b04ecc6846563524dff8c908101b414"
  dependencies:
    iconify-icon "^1.0.0"

"@dooksa/ds-plugin-event@bitbucket:dooksa/ds-plugin-event":
  version "1.0.0"
  resolved "git+ssh://git@bitbucket.org/dooksa/ds-plugin-event.git#ab45385e538c6e3fb5adf6e5ded5f85bc09a9dbc"

"@dooksa/ds-plugin-layout@bitbucket:dooksa/ds-plugin-layout":
  version "1.0.0"
  resolved "git+ssh://git@bitbucket.org/dooksa/ds-plugin-layout.git#b70c21cb03a7cd6fd0d359747ad228169e375f5e"
  dependencies:
    object-hash "^3.0.0"

"@dooksa/ds-plugin-manager@bitbucket:dooksa/ds-plugin-manager":
  version "1.0.0"
  resolved "git+ssh://git@bitbucket.org/dooksa/ds-plugin-manager.git#5145df63ac22f91f2fc36d423efcccd05b4be112"
  dependencies:
    "@dooksa/ds-plugin" "bitbucket:dooksa/ds-plugin"
    "@dooksa/resource-loader" "bitbucket:dooksa/resource-loader"

"@dooksa/ds-plugin-metadata@bitbucket:dooksa/ds-plugin-metadata":
  version "1.0.0"
  resolved "git+ssh://git@bitbucket.org/dooksa/ds-plugin-metadata.git#69debe84b9db9e47196f818e1a504e77a5824692"

"@dooksa/ds-plugin-operators@bitbucket:dooksa/ds-plugin-operators":
  version "1.0.0"
  resolved "git+ssh://git@bitbucket.org/dooksa/ds-plugin-operators.git#c8aa2ae28bbe73b33111cd240b5f1b62b13757a5"

"@dooksa/ds-plugin-page@bitbucket:dooksa/ds-plugin-page":
  version "1.0.0"
  resolved "git+ssh://git@bitbucket.org/dooksa/ds-plugin-page.git#fcfda1245b5d0c50a49e4dbbadd4235ae9050c80"

"@dooksa/ds-plugin-parameters@bitbucket:dooksa/ds-plugin-parameters":
  version "1.0.0"
  resolved "git+ssh://git@bitbucket.org/dooksa/ds-plugin-parameters.git#f41035b9962c50370565ea292fbcbdbe7827d100"

"@dooksa/ds-plugin-router@bitbucket:dooksa/ds-plugin-router":
  version "1.0.0"
  resolved "git+ssh://git@bitbucket.org/dooksa/ds-plugin-router.git#f04790546760aaeaefe8081a46c793df71ee3cf5"

"@dooksa/ds-plugin-template@bitbucket:dooksa/ds-plugin-template":
  version "1.0.0"
  resolved "git+ssh://git@bitbucket.org/dooksa/ds-plugin-template.git#4291cbb15fd31c4083e309243c3909a7a5fd16df"

"@dooksa/ds-plugin-token@bitbucket:dooksa/ds-plugin-tokens":
  version "0.1.0"
  resolved "git+ssh://git@bitbucket.org/dooksa/ds-plugin-tokens.git#85c0561b3b4e65695e4b20ba569d3e1d63aecabc"

"@dooksa/ds-plugin-utilities@bitbucket:dooksa/ds-plugin-utilities":
  version "1.0.0"
  resolved "git+ssh://git@bitbucket.org/dooksa/ds-plugin-utilities.git#25b072152b334f0d49ed21f2c100b47e817d2ed8"
  dependencies:
    nanoid "^3.1.23"

"@dooksa/ds-plugin-widget@bitbucket:dooksa/ds-plugin-widget":
  version "1.0.0"
  resolved "git+ssh://git@bitbucket.org/dooksa/ds-plugin-widget.git#8f1065061fba354b47d402a19aba306f81d8a29f"

"@dooksa/ds-plugin@bitbucket:dooksa/ds-plugin":
  version "1.0.0"
  resolved "https://bitbucket.org/dooksa/ds-plugin/get/667ab14dfa8dd73db33e52c6dbe0d921d34fe65c.tar.gz"

"@dooksa/resource-loader@bitbucket:dooksa/resource-loader":
  version "1.0.0"
  resolved "https://bitbucket.org/dooksa/resource-loader/get/cca5dcd969a45aaa19fa4d5d2bfa577426b3c4d1.tar.gz"

"@esbuild/android-arm@0.15.13":
  version "0.15.13"
  resolved "https://registry.yarnpkg.com/@esbuild/android-arm/-/android-arm-0.15.13.tgz#ce11237a13ee76d5eae3908e47ba4ddd380af86a"
  integrity sha512-RY2fVI8O0iFUNvZirXaQ1vMvK0xhCcl0gqRj74Z6yEiO1zAUa7hbsdwZM1kzqbxHK7LFyMizipfXT3JME+12Hw==

"@esbuild/linux-loong64@0.15.13":
  version "0.15.13"
  resolved "https://registry.yarnpkg.com/@esbuild/linux-loong64/-/linux-loong64-0.15.13.tgz#64e8825bf0ce769dac94ee39d92ebe6272020dfc"
  integrity sha512-+BoyIm4I8uJmH/QDIH0fu7MG0AEx9OXEDXnqptXCwKOlOqZiS4iraH1Nr7/ObLMokW3sOCeBNyD68ATcV9b9Ag==

"@iconify/types@^2.0.0":
  version "2.0.0"
  resolved "https://registry.yarnpkg.com/@iconify/types/-/types-2.0.0.tgz#ab0e9ea681d6c8a1214f30cd741fe3a20cc57f57"
  integrity sha512-+wluvCrRhXrhyOmRDJ3q8mux9JkKy5SJ/v8ol2tu4FVjyYvtEzkc/3pK15ET6RKg4b4w4BmTk1+gsCUhf21Ykg==

"@nodelib/fs.scandir@2.1.5":
  version "2.1.5"
  resolved "https://registry.yarnpkg.com/@nodelib/fs.scandir/-/fs.scandir-2.1.5.tgz#7619c2eb21b25483f6d167548b4cfd5a7488c3d5"
  integrity sha512-vq24Bq3ym5HEQm2NKCr3yXDwjc7vTsEThRDnkp2DK9p1uqLR+DHurm/NOTo0KG7HYHU7eppKZj3MyqYuMBf62g==
  dependencies:
    "@nodelib/fs.stat" "2.0.5"
    run-parallel "^1.1.9"

"@nodelib/fs.stat@2.0.5", "@nodelib/fs.stat@^2.0.2":
  version "2.0.5"
  resolved "https://registry.yarnpkg.com/@nodelib/fs.stat/-/fs.stat-2.0.5.tgz#5bd262af94e9d25bd1e71b05deed44876a222e8b"
  integrity sha512-RkhPPp2zrqDAQA/2jNhnztcPAlv64XdhIp7a7454A5ovI7Bukxgt7MX7udwAu3zg1DcpPU0rz3VV1SeaqvY4+A==

"@nodelib/fs.walk@^1.2.3":
  version "1.2.8"
  resolved "https://registry.yarnpkg.com/@nodelib/fs.walk/-/fs.walk-1.2.8.tgz#e95737e8bb6746ddedf69c556953494f196fe69a"
  integrity sha512-oGB+UxlgWcgQkgwo8GcEGwemoTFt3FIO9ababBmaGwXIoBKZ+GTy0pP185beGg7Llih/NSHSV2XAs1lnznocSg==
  dependencies:
    "@nodelib/fs.scandir" "2.1.5"
    fastq "^1.6.0"

"@vitejs/plugin-legacy@^2.2.0":
  version "2.3.0"
  resolved "https://registry.yarnpkg.com/@vitejs/plugin-legacy/-/plugin-legacy-2.3.0.tgz#43565bcaf0dba53c70b26a1f67797b7c09f9d04e"
  integrity sha512-Bh62i0gzQvvT8AeAAb78nOnqSYXypkRmQmOTImdPZ39meHR9e2une3AIFmVo4s1SDmcmJ6qj18Sa/lRc/14KaA==
  dependencies:
    "@babel/standalone" "^7.19.6"
    core-js "^3.26.0"
    magic-string "^0.26.7"
    regenerator-runtime "^0.13.10"
    systemjs "^6.13.0"

bootstrap@^5.2.2:
  version "5.2.2"
  resolved "https://registry.yarnpkg.com/bootstrap/-/bootstrap-5.2.2.tgz#834e053eed584a65e244d8aa112a6959f56e27a0"
  integrity sha512-dEtzMTV71n6Fhmbg4fYJzQsw1N29hJKO1js5ackCgIpDcGid2ETMGC6zwSYw09v05Y+oRdQ9loC54zB1La3hHQ==

braces@^3.0.2:
  version "3.0.2"
  resolved "https://registry.yarnpkg.com/braces/-/braces-3.0.2.tgz#3454e1a462ee8d599e236df336cd9ea4f8afe107"
  integrity sha512-b8um+L1RzM3WDSzvhm6gIz1yfTbBt6YTlcEKAvsmqCZZFw46z626lVj9j1yEPW33H5H+lBQpZMP1k8l+78Ha0A==
  dependencies:
    fill-range "^7.0.1"

core-js@^3.26.0:
  version "3.26.0"
  resolved "https://registry.yarnpkg.com/core-js/-/core-js-3.26.0.tgz#a516db0ed0811be10eac5d94f3b8463d03faccfe"
  integrity sha512-+DkDrhoR4Y0PxDz6rurahuB+I45OsEUv8E1maPTB6OuHRohMMcznBq9TMpdpDMm/hUPob/mJJS3PqgbHpMTQgw==

esbuild-android-64@0.15.13:
  version "0.15.13"
  resolved "https://registry.yarnpkg.com/esbuild-android-64/-/esbuild-android-64-0.15.13.tgz#5f25864055dbd62e250f360b38b4c382224063af"
  integrity sha512-yRorukXBlokwTip+Sy4MYskLhJsO0Kn0/Fj43s1krVblfwP+hMD37a4Wmg139GEsMLl+vh8WXp2mq/cTA9J97g==

esbuild-android-arm64@0.15.13:
  version "0.15.13"
  resolved "https://registry.yarnpkg.com/esbuild-android-arm64/-/esbuild-android-arm64-0.15.13.tgz#d8820f999314efbe8e0f050653a99ff2da632b0f"
  integrity sha512-TKzyymLD6PiVeyYa4c5wdPw87BeAiTXNtK6amWUcXZxkV51gOk5u5qzmDaYSwiWeecSNHamFsaFjLoi32QR5/w==

esbuild-darwin-64@0.15.13:
  version "0.15.13"
  resolved "https://registry.yarnpkg.com/esbuild-darwin-64/-/esbuild-darwin-64-0.15.13.tgz#99ae7fdaa43947b06cd9d1a1c3c2c9f245d81fd0"
  integrity sha512-WAx7c2DaOS6CrRcoYCgXgkXDliLnFv3pQLV6GeW1YcGEZq2Gnl8s9Pg7ahValZkpOa0iE/ojRVQ87sbUhF1Cbg==

esbuild-darwin-arm64@0.15.13:
  version "0.15.13"
  resolved "https://registry.yarnpkg.com/esbuild-darwin-arm64/-/esbuild-darwin-arm64-0.15.13.tgz#bafa1814354ad1a47adcad73de416130ef7f55e3"
  integrity sha512-U6jFsPfSSxC3V1CLiQqwvDuj3GGrtQNB3P3nNC3+q99EKf94UGpsG9l4CQ83zBs1NHrk1rtCSYT0+KfK5LsD8A==

esbuild-freebsd-64@0.15.13:
  version "0.15.13"
  resolved "https://registry.yarnpkg.com/esbuild-freebsd-64/-/esbuild-freebsd-64-0.15.13.tgz#84ef85535c5cc38b627d1c5115623b088d1de161"
  integrity sha512-whItJgDiOXaDG/idy75qqevIpZjnReZkMGCgQaBWZuKHoElDJC1rh7MpoUgupMcdfOd+PgdEwNQW9DAE6i8wyA==

esbuild-freebsd-arm64@0.15.13:
  version "0.15.13"
  resolved "https://registry.yarnpkg.com/esbuild-freebsd-arm64/-/esbuild-freebsd-arm64-0.15.13.tgz#033f21de434ec8e0c478054b119af8056763c2d8"
  integrity sha512-6pCSWt8mLUbPtygv7cufV0sZLeylaMwS5Fznj6Rsx9G2AJJsAjQ9ifA+0rQEIg7DwJmi9it+WjzNTEAzzdoM3Q==

esbuild-linux-32@0.15.13:
  version "0.15.13"
  resolved "https://registry.yarnpkg.com/esbuild-linux-32/-/esbuild-linux-32-0.15.13.tgz#54290ea8035cba0faf1791ce9ae6693005512535"
  integrity sha512-VbZdWOEdrJiYApm2kkxoTOgsoCO1krBZ3quHdYk3g3ivWaMwNIVPIfEE0f0XQQ0u5pJtBsnk2/7OPiCFIPOe/w==

esbuild-linux-64@0.15.13:
  version "0.15.13"
  resolved "https://registry.yarnpkg.com/esbuild-linux-64/-/esbuild-linux-64-0.15.13.tgz#4264249281ea388ead948614b57fb1ddf7779a2c"
  integrity sha512-rXmnArVNio6yANSqDQlIO4WiP+Cv7+9EuAHNnag7rByAqFVuRusLbGi2697A5dFPNXoO//IiogVwi3AdcfPC6A==

esbuild-linux-arm64@0.15.13:
  version "0.15.13"
  resolved "https://registry.yarnpkg.com/esbuild-linux-arm64/-/esbuild-linux-arm64-0.15.13.tgz#9323c333924f97a02bdd2ae8912b36298acb312d"
  integrity sha512-alEMGU4Z+d17U7KQQw2IV8tQycO6T+rOrgW8OS22Ua25x6kHxoG6Ngry6Aq6uranC+pNWNMB6aHFPh7aTQdORQ==

esbuild-linux-arm@0.15.13:
  version "0.15.13"
  resolved "https://registry.yarnpkg.com/esbuild-linux-arm/-/esbuild-linux-arm-0.15.13.tgz#b407f47b3ae721fe4e00e19e9f19289bef87a111"
  integrity sha512-Ac6LpfmJO8WhCMQmO253xX2IU2B3wPDbl4IvR0hnqcPrdfCaUa2j/lLMGTjmQ4W5JsJIdHEdW12dG8lFS0MbxQ==

esbuild-linux-mips64le@0.15.13:
  version "0.15.13"
  resolved "https://registry.yarnpkg.com/esbuild-linux-mips64le/-/esbuild-linux-mips64le-0.15.13.tgz#bdf905aae5c0bcaa8f83567fe4c4c1bdc1f14447"
  integrity sha512-47PgmyYEu+yN5rD/MbwS6DxP2FSGPo4Uxg5LwIdxTiyGC2XKwHhHyW7YYEDlSuXLQXEdTO7mYe8zQ74czP7W8A==

esbuild-linux-ppc64le@0.15.13:
  version "0.15.13"
  resolved "https://registry.yarnpkg.com/esbuild-linux-ppc64le/-/esbuild-linux-ppc64le-0.15.13.tgz#2911eae1c90ff58a3bd3259cb557235df25aa3b4"
  integrity sha512-z6n28h2+PC1Ayle9DjKoBRcx/4cxHoOa2e689e2aDJSaKug3jXcQw7mM+GLg+9ydYoNzj8QxNL8ihOv/OnezhA==

esbuild-linux-riscv64@0.15.13:
  version "0.15.13"
  resolved "https://registry.yarnpkg.com/esbuild-linux-riscv64/-/esbuild-linux-riscv64-0.15.13.tgz#1837c660be12b1d20d2a29c7189ea703f93e9265"
  integrity sha512-+Lu4zuuXuQhgLUGyZloWCqTslcCAjMZH1k3Xc9MSEJEpEFdpsSU0sRDXAnk18FKOfEjhu4YMGaykx9xjtpA6ow==

esbuild-linux-s390x@0.15.13:
  version "0.15.13"
  resolved "https://registry.yarnpkg.com/esbuild-linux-s390x/-/esbuild-linux-s390x-0.15.13.tgz#d52880ece229d1bd10b2d936b792914ffb07c7fc"
  integrity sha512-BMeXRljruf7J0TMxD5CIXS65y7puiZkAh+s4XFV9qy16SxOuMhxhVIXYLnbdfLrsYGFzx7U9mcdpFWkkvy/Uag==

esbuild-netbsd-64@0.15.13:
  version "0.15.13"
  resolved "https://registry.yarnpkg.com/esbuild-netbsd-64/-/esbuild-netbsd-64-0.15.13.tgz#de14da46f1d20352b43e15d97a80a8788275e6ed"
  integrity sha512-EHj9QZOTel581JPj7UO3xYbltFTYnHy+SIqJVq6yd3KkCrsHRbapiPb0Lx3EOOtybBEE9EyqbmfW1NlSDsSzvQ==

esbuild-openbsd-64@0.15.13:
  version "0.15.13"
  resolved "https://registry.yarnpkg.com/esbuild-openbsd-64/-/esbuild-openbsd-64-0.15.13.tgz#45e8a5fd74d92ad8f732c43582369c7990f5a0ac"
  integrity sha512-nkuDlIjF/sfUhfx8SKq0+U+Fgx5K9JcPq1mUodnxI0x4kBdCv46rOGWbuJ6eof2n3wdoCLccOoJAbg9ba/bT2w==

esbuild-sunos-64@0.15.13:
  version "0.15.13"
  resolved "https://registry.yarnpkg.com/esbuild-sunos-64/-/esbuild-sunos-64-0.15.13.tgz#f646ac3da7aac521ee0fdbc192750c87da697806"
  integrity sha512-jVeu2GfxZQ++6lRdY43CS0Tm/r4WuQQ0Pdsrxbw+aOrHQPHV0+LNOLnvbN28M7BSUGnJnHkHm2HozGgNGyeIRw==

esbuild-windows-32@0.15.13:
  version "0.15.13"
  resolved "https://registry.yarnpkg.com/esbuild-windows-32/-/esbuild-windows-32-0.15.13.tgz#fb4fe77c7591418880b3c9b5900adc4c094f2401"
  integrity sha512-XoF2iBf0wnqo16SDq+aDGi/+QbaLFpkiRarPVssMh9KYbFNCqPLlGAWwDvxEVz+ywX6Si37J2AKm+AXq1kC0JA==

esbuild-windows-64@0.15.13:
  version "0.15.13"
  resolved "https://registry.yarnpkg.com/esbuild-windows-64/-/esbuild-windows-64-0.15.13.tgz#1fca8c654392c0c31bdaaed168becfea80e20660"
  integrity sha512-Et6htEfGycjDrtqb2ng6nT+baesZPYQIW+HUEHK4D1ncggNrDNk3yoboYQ5KtiVrw/JaDMNttz8rrPubV/fvPQ==

esbuild-windows-arm64@0.15.13:
  version "0.15.13"
  resolved "https://registry.yarnpkg.com/esbuild-windows-arm64/-/esbuild-windows-arm64-0.15.13.tgz#4ffd01b6b2888603f1584a2fe96b1f6a6f2b3dd8"
  integrity sha512-3bv7tqntThQC9SWLRouMDmZnlOukBhOCTlkzNqzGCmrkCJI7io5LLjwJBOVY6kOUlIvdxbooNZwjtBvj+7uuVg==

esbuild@^0.15.9:
  version "0.15.13"
  resolved "https://registry.yarnpkg.com/esbuild/-/esbuild-0.15.13.tgz#7293480038feb2bafa91d3f6a20edab3ba6c108a"
  integrity sha512-Cu3SC84oyzzhrK/YyN4iEVy2jZu5t2fz66HEOShHURcjSkOSAVL8C/gfUT+lDJxkVHpg8GZ10DD0rMHRPqMFaQ==
  optionalDependencies:
    "@esbuild/android-arm" "0.15.13"
    "@esbuild/linux-loong64" "0.15.13"
    esbuild-android-64 "0.15.13"
    esbuild-android-arm64 "0.15.13"
    esbuild-darwin-64 "0.15.13"
    esbuild-darwin-arm64 "0.15.13"
    esbuild-freebsd-64 "0.15.13"
    esbuild-freebsd-arm64 "0.15.13"
    esbuild-linux-32 "0.15.13"
    esbuild-linux-64 "0.15.13"
    esbuild-linux-arm "0.15.13"
    esbuild-linux-arm64 "0.15.13"
    esbuild-linux-mips64le "0.15.13"
    esbuild-linux-ppc64le "0.15.13"
    esbuild-linux-riscv64 "0.15.13"
    esbuild-linux-s390x "0.15.13"
    esbuild-netbsd-64 "0.15.13"
    esbuild-openbsd-64 "0.15.13"
    esbuild-sunos-64 "0.15.13"
    esbuild-windows-32 "0.15.13"
    esbuild-windows-64 "0.15.13"
    esbuild-windows-arm64 "0.15.13"

fast-glob@^3.2.11:
  version "3.2.12"
  resolved "https://registry.yarnpkg.com/fast-glob/-/fast-glob-3.2.12.tgz#7f39ec99c2e6ab030337142da9e0c18f37afae80"
  integrity sha512-DVj4CQIYYow0BlaelwK1pHl5n5cRSJfM60UA0zK891sVInoPri2Ekj7+e1CT3/3qxXenpI+nBBmQAcJPJgaj4w==
  dependencies:
    "@nodelib/fs.stat" "^2.0.2"
    "@nodelib/fs.walk" "^1.2.3"
    glob-parent "^5.1.2"
    merge2 "^1.3.0"
    micromatch "^4.0.4"

fastq@^1.6.0:
  version "1.13.0"
  resolved "https://registry.yarnpkg.com/fastq/-/fastq-1.13.0.tgz#616760f88a7526bdfc596b7cab8c18938c36b98c"
  integrity sha512-YpkpUnK8od0o1hmeSc7UUs/eB/vIPWJYjKck2QKIzAf71Vm1AAQ3EbuZB3g2JIy+pg+ERD0vqI79KyZiB2e2Nw==
  dependencies:
    reusify "^1.0.4"

fill-range@^7.0.1:
  version "7.0.1"
  resolved "https://registry.yarnpkg.com/fill-range/-/fill-range-7.0.1.tgz#1919a6a7c75fe38b2c7c77e5198535da9acdda40"
  integrity sha512-qOo9F+dMUmC2Lcb4BbVvnKJxTPjCm+RRpe4gDuGrzkL7mEVl/djYSu2OdQ2Pa302N4oqkSg9ir6jaLWJ2USVpQ==
  dependencies:
    to-regex-range "^5.0.1"

fsevents@~2.3.2:
  version "2.3.2"
  resolved "https://registry.yarnpkg.com/fsevents/-/fsevents-2.3.2.tgz#8a526f78b8fdf4623b709e0b975c52c24c02fd1a"
  integrity sha512-xiqMQR4xAeHTuB9uWm+fFRcIOgKBMiOBP+eXiyT7jsgVCq1bkVygt00oASowB7EdtpOHaaPgKt812P9ab+DDKA==

function-bind@^1.1.1:
  version "1.1.1"
  resolved "https://registry.yarnpkg.com/function-bind/-/function-bind-1.1.1.tgz#a56899d3ea3c9bab874bb9773b7c5ede92f4895d"
  integrity sha512-yIovAzMX49sF8Yl58fSCWJ5svSLuaibPxXQJFLmBObTuCr0Mf1KiPopGM9NiFjiYBCbfaa2Fh6breQ6ANVTI0A==

glob-parent@^5.1.2:
  version "5.1.2"
  resolved "https://registry.yarnpkg.com/glob-parent/-/glob-parent-5.1.2.tgz#869832c58034fe68a4093c17dc15e8340d8401c4"
  integrity sha512-AOIgSQCepiJYwP3ARnGx+5VnTu2HBYdzbGP45eLw1vr3zB3vZLeyed1sC9hnbcOc9/SrMyM5RPQrkGz4aS9Zow==
  dependencies:
    is-glob "^4.0.1"

has@^1.0.3:
  version "1.0.3"
  resolved "https://registry.yarnpkg.com/has/-/has-1.0.3.tgz#722d7cbfc1f6aa8241f16dd814e011e1f41e8796"
  integrity sha512-f2dvO0VU6Oej7RkWJGrehjbzMAjFp5/VKPp5tTpWIV4JHHZK1/BxbFRtf/siA2SWTe09caDmVtYYzWEIbBS4zw==
  dependencies:
    function-bind "^1.1.1"

iconify-icon@^1.0.0:
  version "1.0.1"
  resolved "https://registry.yarnpkg.com/iconify-icon/-/iconify-icon-1.0.1.tgz#c715762b373540bde84252becf29c76babe63a17"
  integrity sha512-8qXahj8q0fJ1uMkVJ1DujJw35CWBFxUY9UFCzytfItNjcoj+Dz7yUakuXTzaByIc8seQCnw9CuLVzHdw7yEkBQ==
  dependencies:
    "@iconify/types" "^2.0.0"

is-core-module@^2.9.0:
  version "2.11.0"
  resolved "https://registry.yarnpkg.com/is-core-module/-/is-core-module-2.11.0.tgz#ad4cb3e3863e814523c96f3f58d26cc570ff0144"
  integrity sha512-RRjxlvLDkD1YJwDbroBHMb+cukurkDWNyHx7D3oNB5x9rb5ogcksMC5wHCadcXoo67gVr/+3GFySh3134zi6rw==
  dependencies:
    has "^1.0.3"

is-extglob@^2.1.1:
  version "2.1.1"
  resolved "https://registry.yarnpkg.com/is-extglob/-/is-extglob-2.1.1.tgz#a88c02535791f02ed37c76a1b9ea9773c833f8c2"
  integrity sha512-SbKbANkN603Vi4jEZv49LeVJMn4yGwsbzZworEoyEiutsN3nJYdbO36zfhGJ6QEDpOZIFkDtnq5JRxmvl3jsoQ==

is-glob@^4.0.1:
  version "4.0.3"
  resolved "https://registry.yarnpkg.com/is-glob/-/is-glob-4.0.3.tgz#64f61e42cbbb2eec2071a9dac0b28ba1e65d5084"
  integrity sha512-xelSayHH36ZgE7ZWhli7pW34hNbNl8Ojv5KVmkJD4hBdD3th8Tfk9vYasLM+mXWOZhFkgZfxhLSnrwRr4elSSg==
  dependencies:
    is-extglob "^2.1.1"

is-number@^7.0.0:
  version "7.0.0"
  resolved "https://registry.yarnpkg.com/is-number/-/is-number-7.0.0.tgz#7535345b896734d5f80c4d06c50955527a14f12b"
  integrity sha512-41Cifkg6e8TylSpdtTpeLVMqvSBEVzTttHvERD741+pnZ8ANv0004MRL43QKPDlK9cGvNp6NZWZUBlbGXYxxng==

magic-string@^0.26.7:
  version "0.26.7"
  resolved "https://registry.yarnpkg.com/magic-string/-/magic-string-0.26.7.tgz#caf7daf61b34e9982f8228c4527474dac8981d6f"
  integrity sha512-hX9XH3ziStPoPhJxLq1syWuZMxbDvGNbVchfrdCtanC7D13888bMFow61x8axrx+GfHLtVeAx2kxL7tTGRl+Ow==
  dependencies:
    sourcemap-codec "^1.4.8"

merge2@^1.3.0:
  version "1.4.1"
  resolved "https://registry.yarnpkg.com/merge2/-/merge2-1.4.1.tgz#4368892f885e907455a6fd7dc55c0c9d404990ae"
  integrity sha512-8q7VEgMJW4J8tcfVPy8g09NcQwZdbwFEqhe/WZkoIzjn/3TGDwtOCYtXGxA3O8tPzpczCCDgv+P2P5y00ZJOOg==

micromatch@^4.0.4:
  version "4.0.5"
  resolved "https://registry.yarnpkg.com/micromatch/-/micromatch-4.0.5.tgz#bc8999a7cbbf77cdc89f132f6e467051b49090c6"
  integrity sha512-DMy+ERcEW2q8Z2Po+WNXuw3c5YaUSFjAO5GsJqfEl7UjvtIuFKO6ZrKvcItdy98dwFI2N1tg3zNIdKaQT+aNdA==
  dependencies:
    braces "^3.0.2"
    picomatch "^2.3.1"

nanoid@^3.1.23, nanoid@^3.3.4:
  version "3.3.4"
  resolved "https://registry.yarnpkg.com/nanoid/-/nanoid-3.3.4.tgz#730b67e3cd09e2deacf03c027c81c9d9dbc5e8ab"
  integrity sha512-MqBkQh/OHTS2egovRtLk45wEyNXwF+cokD+1YPf9u5VfJiRdAiRwB2froX5Co9Rh20xs4siNPm8naNotSD6RBw==

object-hash@^3.0.0:
  version "3.0.0"
  resolved "https://registry.yarnpkg.com/object-hash/-/object-hash-3.0.0.tgz#73f97f753e7baffc0e2cc9d6e079079744ac82e9"
  integrity sha512-RSn9F68PjH9HqtltsSnqYC1XXoWe9Bju5+213R98cNGttag9q9yAOTzdbsqvIa7aNm5WffBZFpWYr2aWrklWAw==

path-parse@^1.0.7:
  version "1.0.7"
  resolved "https://registry.yarnpkg.com/path-parse/-/path-parse-1.0.7.tgz#fbc114b60ca42b30d9daf5858e4bd68bbedb6735"
  integrity sha512-LDJzPVEEEPR+y48z93A0Ed0yXb8pAByGWo/k5YYdYgpY2/2EsOsksJrq7lOHxryrVOn1ejG6oAp8ahvOIQD8sw==

picocolors@^1.0.0:
  version "1.0.0"
  resolved "https://registry.yarnpkg.com/picocolors/-/picocolors-1.0.0.tgz#cb5bdc74ff3f51892236eaf79d68bc44564ab81c"
  integrity sha512-1fygroTLlHu66zi26VoTDv8yRgm0Fccecssto+MhsZ0D/DGW2sm8E8AjW7NU5VVTRt5GxbeZ5qBuJr+HyLYkjQ==

picomatch@^2.3.1:
  version "2.3.1"
  resolved "https://registry.yarnpkg.com/picomatch/-/picomatch-2.3.1.tgz#3ba3833733646d9d3e4995946c1365a67fb07a42"
  integrity sha512-JU3teHTNjmE2VCGFzuY8EXzCDVwEqB2a8fsIvwaStHhAWJEeVd1o1QD80CU6+ZdEXXSLbSsuLwJjkCBWqRQUVA==

postcss@^8.4.18:
  version "8.4.18"
  resolved "https://registry.yarnpkg.com/postcss/-/postcss-8.4.18.tgz#6d50046ea7d3d66a85e0e782074e7203bc7fbca2"
  integrity sha512-Wi8mWhncLJm11GATDaQKobXSNEYGUHeQLiQqDFG1qQ5UTDPTEvKw0Xt5NsTpktGTwLps3ByrWsBrG0rB8YQ9oA==
  dependencies:
    nanoid "^3.3.4"
    picocolors "^1.0.0"
    source-map-js "^1.0.2"

queue-microtask@^1.2.2:
  version "1.2.3"
  resolved "https://registry.yarnpkg.com/queue-microtask/-/queue-microtask-1.2.3.tgz#4929228bbc724dfac43e0efb058caf7b6cfb6243"
  integrity sha512-NuaNSa6flKT5JaSYQzJok04JzTL1CA6aGhv5rfLW3PgqA+M2ChpZQnAC8h8i4ZFkBS8X5RqkDBHA7r4hej3K9A==

regenerator-runtime@^0.13.10:
  version "0.13.10"
  resolved "https://registry.yarnpkg.com/regenerator-runtime/-/regenerator-runtime-0.13.10.tgz#ed07b19616bcbec5da6274ebc75ae95634bfc2ee"
  integrity sha512-KepLsg4dU12hryUO7bp/axHAKvwGOCV0sGloQtpagJ12ai+ojVDqkeGSiRX1zlq+kjIMZ1t7gpze+26QqtdGqw==

resolve@^1.22.1:
  version "1.22.1"
  resolved "https://registry.yarnpkg.com/resolve/-/resolve-1.22.1.tgz#27cb2ebb53f91abb49470a928bba7558066ac177"
  integrity sha512-nBpuuYuY5jFsli/JIs1oldw6fOQCBioohqWZg/2hiaOybXOft4lonv85uDOKXdf8rhyK159cxU5cDcK/NKk8zw==
  dependencies:
    is-core-module "^2.9.0"
    path-parse "^1.0.7"
    supports-preserve-symlinks-flag "^1.0.0"

reusify@^1.0.4:
  version "1.0.4"
  resolved "https://registry.yarnpkg.com/reusify/-/reusify-1.0.4.tgz#90da382b1e126efc02146e90845a88db12925d76"
  integrity sha512-U9nH88a3fc/ekCF1l0/UP1IosiuIjyTh7hBvXVMHYgVcfGvt897Xguj2UOLDeI5BG2m7/uwyaLVT6fbtCwTyzw==

rollup@^2.79.1:
  version "2.79.1"
  resolved "https://registry.yarnpkg.com/rollup/-/rollup-2.79.1.tgz#bedee8faef7c9f93a2647ac0108748f497f081c7"
  integrity sha512-uKxbd0IhMZOhjAiD5oAFp7BqvkA4Dv47qpOCtaNvng4HBwdbWtdOh8f5nZNuk2rp51PMGk3bzfWu5oayNEuYnw==
  optionalDependencies:
    fsevents "~2.3.2"

run-parallel@^1.1.9:
  version "1.2.0"
  resolved "https://registry.yarnpkg.com/run-parallel/-/run-parallel-1.2.0.tgz#66d1368da7bdf921eb9d95bd1a9229e7f21a43ee"
  integrity sha512-5l4VyZR86LZ/lDxZTR6jqL8AFE2S0IFLMP26AbjsLVADxHdhB/c0GUsH+y39UfCi3dzz8OlQuPmnaJOMoDHQBA==
  dependencies:
    queue-microtask "^1.2.2"

source-map-js@^1.0.2:
  version "1.0.2"
  resolved "https://registry.yarnpkg.com/source-map-js/-/source-map-js-1.0.2.tgz#adbc361d9c62df380125e7f161f71c826f1e490c"
  integrity sha512-R0XvVJ9WusLiqTCEiGCmICCMplcCkIwwR11mOSD9CR5u+IXYdiseeEuXCVAjS54zqwkLcPNnmU4OeJ6tUrWhDw==

sourcemap-codec@^1.4.8:
  version "1.4.8"
  resolved "https://registry.yarnpkg.com/sourcemap-codec/-/sourcemap-codec-1.4.8.tgz#ea804bd94857402e6992d05a38ef1ae35a9ab4c4"
  integrity sha512-9NykojV5Uih4lgo5So5dtw+f0JgJX30KCNI8gwhz2J9A15wD0Ml6tjHKwf6fTSa6fAdVBdZeNOs9eJ71qCk8vA==

supports-preserve-symlinks-flag@^1.0.0:
  version "1.0.0"
  resolved "https://registry.yarnpkg.com/supports-preserve-symlinks-flag/-/supports-preserve-symlinks-flag-1.0.0.tgz#6eda4bd344a3c94aea376d4cc31bc77311039e09"
  integrity sha512-ot0WnXS9fgdkgIcePe6RHNk1WA8+muPa6cSjeR3V8K27q9BB1rTE3R1p7Hv0z1ZyAc8s6Vvv8DIyWf681MAt0w==

systemjs@^6.13.0:
  version "6.13.0"
  resolved "https://registry.yarnpkg.com/systemjs/-/systemjs-6.13.0.tgz#7b28e74b44352e1650e8652499f42de724c3fc7f"
  integrity sha512-P3cgh2bpaPvAO2NE3uRp/n6hmk4xPX4DQf+UzTlCAycssKdqhp6hjw+ENWe+aUS7TogKRFtptMosTSFeC6R55g==

to-regex-range@^5.0.1:
  version "5.0.1"
  resolved "https://registry.yarnpkg.com/to-regex-range/-/to-regex-range-5.0.1.tgz#1648c44aae7c8d988a326018ed72f5b4dd0392e4"
  integrity sha512-65P7iz6X5yEr1cwcgvQxbbIw7Uk3gOy5dIdtZ4rDveLqhrdJP+Li/Hx6tyK0NEb+2GCyneCMJiGqrADCSNk8sQ==
  dependencies:
    is-number "^7.0.0"

vite-plugin-virtual-html@^0.4.0:
  version "0.4.0"
  resolved "https://registry.yarnpkg.com/vite-plugin-virtual-html/-/vite-plugin-virtual-html-0.4.0.tgz#7540668387956b015a3feb364a0a64af7fc1de09"
  integrity sha512-zRohaYcDtcQdUemOVfChE1SzfBsTK3Lnzg+dVyXQfxk0K3A89Tr7M794PRtQK7x995AXWPEwvin5anCRzAmeMg==
  dependencies:
    fast-glob "^3.2.11"

vite@^3.1.0:
  version "3.2.2"
  resolved "https://registry.yarnpkg.com/vite/-/vite-3.2.2.tgz#280762bfaf47bcea1d12698427331c0009ac7c1f"
  integrity sha512-pLrhatFFOWO9kS19bQ658CnRYzv0WLbsPih6R+iFeEEhDOuYgYCX2rztUViMz/uy/V8cLCJvLFeiOK7RJEzHcw==
  dependencies:
    esbuild "^0.15.9"
    postcss "^8.4.18"
    resolve "^1.22.1"
    rollup "^2.79.1"
  optionalDependencies:
    fsevents "~2.3.2"
